
Microsoft Visual Studio Solution File, Format Version 12.00
# Visual Studio Version 16
VisualStudioVersion = 16.0.28922.388
MinimumVisualStudioVersion = 10.0.40219.1
Project("{FAE04EC0-301F-11D3-BF4B-00C04F79EFBC}") = "loadraw", "loadraw.csproj", "{DDD30D26-A10C-4458-BFCD-77F2D6367190}"
EndProject
Global
	GlobalSection(SolutionConfigurationPlatforms) = preSolution
		Debug|Any CPU = Debug|Any CPU
		Release|Any CPU = Release|Any CPU
	EndGlobalSection
	GlobalSection(ProjectConfigurationPlatforms) = postSolution
		{DDD30D26-A10C-4458-BFCD-77F2D6367190}.Debug|Any CPU.ActiveCfg = Debug|Any CPU
		{DDD30D26-A10C-4458-BFCD-77F2D6367190}.Debug|Any CPU.Build.0 = Debug|Any CPU
		{DDD30D26-A10C-4458-BFCD-77F2D6367190}.Release|Any CPU.ActiveCfg = Release|Any CPU
		{DDD30D26-A10C-4458-BFCD-77F2D6367190}.Release|Any CPU.Build.0 = Release|Any CPU
	EndGlobalSection
	GlobalSection(SolutionProperties) = preSolution
		HideSolutionNode = FALSE
	EndGlobalSection
	GlobalSection(ExtensibilityGlobals) = postSolution
		SolutionGuid = {8B43554D-8669-4909-A1DE-C6CA415E8FD7}
	EndGlobalSection
EndGlobal
